
Microsoft Visual Studio Solution File, Format Version 12.00
# Visual Studio Version 17
VisualStudioVersion = 17.1.32421.90
MinimumVisualStudioVersion = 10.0.40219.1
Project("{FAE04EC0-301F-11D3-BF4B-00C04F79EFBC}") = "ReverseNumber", "ReverseNumber\ReverseNumber.csproj", "{5EEC1D7E-30C2-4CD9-838B-C5B860526771}"
EndProject
Global
	GlobalSection(SolutionConfigurationPlatforms) = preSolution
		Debug|Any CPU = Debug|Any CPU
		Release|Any CPU = Release|Any CPU
	EndGlobalSection
	GlobalSection(ProjectConfigurationPlatforms) = postSolution
		{5EEC1D7E-30C2-4CD9-838B-C5B860526771}.Debug|Any CPU.ActiveCfg = Debug|Any CPU
		{5EEC1D7E-30C2-4CD9-838B-C5B860526771}.Debug|Any CPU.Build.0 = Debug|Any CPU
		{5EEC1D7E-30C2-4CD9-838B-C5B860526771}.Release|Any CPU.ActiveCfg = Release|Any CPU
		{5EEC1D7E-30C2-4CD9-838B-C5B860526771}.Release|Any CPU.Build.0 = Release|Any CPU
	EndGlobalSection
	GlobalSection(SolutionProperties) = preSolution
		HideSolutionNode = FALSE
	EndGlobalSection
	GlobalSection(ExtensibilityGlobals) = postSolution
		SolutionGuid = {FF54842B-01CB-4770-9866-A4E6EE50F6FC}
	EndGlobalSection
EndGlobal
